
Microsoft Visual Studio Solution File, Format Version 12.00
# Visual Studio Version 16
VisualStudioVersion = 16.0.30406.217
MinimumVisualStudioVersion = 10.0.40219.1
Project("{FAE04EC0-301F-11D3-BF4B-00C04F79EFBC}") = "InkRec", "InkRec\InkRec.csproj", "{3D8B2381-D137-4892-BD63-7C70649C46CF}"
EndProject
Global
	GlobalSection(SolutionConfigurationPlatforms) = preSolution
		Debug|Any CPU = Debug|Any CPU
		Release|Any CPU = Release|Any CPU
	EndGlobalSection
	GlobalSection(ProjectConfigurationPlatforms) = postSolution
		{3D8B2381-D137-4892-BD63-7C70649C46CF}.Debug|Any CPU.ActiveCfg = Debug|Any CPU
		{3D8B2381-D137-4892-BD63-7C70649C46CF}.Debug|Any CPU.Build.0 = Debug|Any CPU
		{3D8B2381-D137-4892-BD63-7C70649C46CF}.Release|Any CPU.ActiveCfg = Release|Any CPU
		{3D8B2381-D137-4892-BD63-7C70649C46CF}.Release|Any CPU.Build.0 = Release|Any CPU
	EndGlobalSection
	GlobalSection(SolutionProperties) = preSolution
		HideSolutionNode = FALSE
	EndGlobalSection
	GlobalSection(ExtensibilityGlobals) = postSolution
		SolutionGuid = {D0A01EC3-1F4F-46C6-9B63-CEF387D7CCC9}
	EndGlobalSection
EndGlobal
